{
  "requires": true,
  "lockfileVersion": 1,
  "dependencies": {
    "nativescript-ui-core": {
      "version": "4.0.0",
      "resolved": "https://registry.npmjs.org/nativescript-ui-core/-/nativescript-ui-core-4.0.0.tgz",
      "integrity": "sha512-YbGZApyI84RGSevCmXVD18yGov7/RJyLcIXXx6p2y4WM41hL+uRxyUak/9qLP2vwSSy0bCZKXFoyYwsIcf8EoA=="
    },
    "nativescript-ui-sidedrawer": {
      "version": "8.0.0",
      "resolved": "https://registry.npmjs.org/nativescript-ui-sidedrawer/-/nativescript-ui-sidedrawer-8.0.0.tgz",
      "integrity": "sha512-c0fsLXqHFLhnpeHs/D+JRdeTE5ZQ5C5qcLtnqyWklhezQeCThflEY2MDKhdDEsDTV0EufPwkm8pBXXIO9VHHcA==",
      "requires": {
        "nativescript-ui-core": "~4.0.0"
      }
    }
  }
}
